
Microsoft Visual Studio Solution File, Format Version 12.00
# Visual Studio Version 16
VisualStudioVersion = 16.0.30320.27
MinimumVisualStudioVersion = 10.0.40219.1
Project("{9A19103F-16F7-4668-BE54-9A1E7A4F7556}") = "Quick.Api", "Quick.Api\Quick.Api.csproj", "{C9CABB9D-9770-45A5-B6F2-9477474CACE5}"
EndProject
Project("{2150E333-8FDC-42A3-9474-1A3956D46DE8}") = "Web", "Web", "{D492FD93-E794-4F26-9C40-DF13ED6F3FF0}"
EndProject
Project("{2150E333-8FDC-42A3-9474-1A3956D46DE8}") = "Common", "Common", "{2B8BFC8C-AD62-41A7-83EB-531139365BE6}"
EndProject
Project("{2150E333-8FDC-42A3-9474-1A3956D46DE8}") = "Service", "Service", "{4CBA02D9-5274-4BFE-8ACE-D18759C03794}"
EndProject
Project("{9A19103F-16F7-4668-BE54-9A1E7A4F7556}") = "Quick.Common", "Quick.Common\Quick.Common.csproj", "{CC1C25C5-26CE-4E52-A383-0FE82D8D4D74}"
EndProject
Project("{9A19103F-16F7-4668-BE54-9A1E7A4F7556}") = "Quick.Core", "Quick.Core\Quick.Core.csproj", "{ADC56340-0778-4E77-B347-C5AF75F19E07}"
EndProject
Project("{9A19103F-16F7-4668-BE54-9A1E7A4F7556}") = "Quick.Interface", "Quick.Interface\Quick.Interface.csproj", "{4D50C4D0-5A36-49B5-8701-E6B2309D8507}"
EndProject
Project("{9A19103F-16F7-4668-BE54-9A1E7A4F7556}") = "Quick.IService", "Quick.IService\Quick.IService.csproj", "{E2B298C8-87C9-4511-892D-27E1A33EDF5B}"
EndProject
Project("{9A19103F-16F7-4668-BE54-9A1E7A4F7556}") = "Quick.Service", "Quick.Service\Quick.Service.csproj", "{10EED547-246B-4DF8-9C42-A74AE4EF46F9}"
EndProject
Project("{9A19103F-16F7-4668-BE54-9A1E7A4F7556}") = "Quick.Model", "Quick.Model\Quick.Model.csproj", "{2CD00E31-9416-4A0D-90AE-0A41E6961B99}"
EndProject
Project("{9A19103F-16F7-4668-BE54-9A1E7A4F7556}") = "Quick.Dto", "Quick.Dto\Quick.Dto.csproj", "{268BD574-3220-48E2-914A-CC0F40CD7D08}"
EndProject
Project("{9A19103F-16F7-4668-BE54-9A1E7A4F7556}") = "Quick.DI", "Quick.DI\Quick.DI.csproj", "{BC6CAB8C-43A1-49D1-BFAE-3D19E2E8F5EC}"
EndProject
Project("{9A19103F-16F7-4668-BE54-9A1E7A4F7556}") = "Quick.Web.Framework", "Quick.Web.Framework\Quick.Web.Framework.csproj", "{31661AB4-12C4-47C8-878B-E3E219B77E4A}"
EndProject
Project("{9A19103F-16F7-4668-BE54-9A1E7A4F7556}") = "Quick.IRepositories", "Quick.IRepository\Quick.IRepositories.csproj", "{973B3124-EB8C-49F4-8A60-B85636F4173B}"
EndProject
Project("{9A19103F-16F7-4668-BE54-9A1E7A4F7556}") = "Quick.Repositories", "Quick.Repository\Quick.Repositories.csproj", "{EC512518-5D0C-4BC9-9B34-98E4E15A3EE4}"
EndProject
Project("{9A19103F-16F7-4668-BE54-9A1E7A4F7556}") = "Quick.Cache", "Quick.Cache\Quick.Cache.csproj", "{0B53A55F-0397-449F-A230-0D7B8DF47B13}"
EndProject
Project("{9A19103F-16F7-4668-BE54-9A1E7A4F7556}") = "Quick.Tokens", "Quick.Tokens\Quick.Tokens.csproj", "{1655EC45-6D01-4CD6-B4DC-A7A8F3D0ED02}"
EndProject
Global
	GlobalSection(SolutionConfigurationPlatforms) = preSolution
		Debug|Any CPU = Debug|Any CPU
		Release|Any CPU = Release|Any CPU
	EndGlobalSection
	GlobalSection(ProjectConfigurationPlatforms) = postSolution
		{C9CABB9D-9770-45A5-B6F2-9477474CACE5}.Debug|Any CPU.ActiveCfg = Debug|Any CPU
		{C9CABB9D-9770-45A5-B6F2-9477474CACE5}.Debug|Any CPU.Build.0 = Debug|Any CPU
		{C9CABB9D-9770-45A5-B6F2-9477474CACE5}.Release|Any CPU.ActiveCfg = Release|Any CPU
		{C9CABB9D-9770-45A5-B6F2-9477474CACE5}.Release|Any CPU.Build.0 = Release|Any CPU
		{CC1C25C5-26CE-4E52-A383-0FE82D8D4D74}.Debug|Any CPU.ActiveCfg = Debug|Any CPU
		{CC1C25C5-26CE-4E52-A383-0FE82D8D4D74}.Debug|Any CPU.Build.0 = Debug|Any CPU
		{CC1C25C5-26CE-4E52-A383-0FE82D8D4D74}.Release|Any CPU.ActiveCfg = Release|Any CPU
		{CC1C25C5-26CE-4E52-A383-0FE82D8D4D74}.Release|Any CPU.Build.0 = Release|Any CPU
		{ADC56340-0778-4E77-B347-C5AF75F19E07}.Debug|Any CPU.ActiveCfg = Debug|Any CPU
		{ADC56340-0778-4E77-B347-C5AF75F19E07}.Debug|Any CPU.Build.0 = Debug|Any CPU
		{ADC56340-0778-4E77-B347-C5AF75F19E07}.Release|Any CPU.ActiveCfg = Release|Any CPU
		{ADC56340-0778-4E77-B347-C5AF75F19E07}.Release|Any CPU.Build.0 = Release|Any CPU
		{4D50C4D0-5A36-49B5-8701-E6B2309D8507}.Debug|Any CPU.ActiveCfg = Debug|Any CPU
		{4D50C4D0-5A36-49B5-8701-E6B2309D8507}.Debug|Any CPU.Build.0 = Debug|Any CPU
		{4D50C4D0-5A36-49B5-8701-E6B2309D8507}.Release|Any CPU.ActiveCfg = Release|Any CPU
		{4D50C4D0-5A36-49B5-8701-E6B2309D8507}.Release|Any CPU.Build.0 = Release|Any CPU
		{E2B298C8-87C9-4511-892D-27E1A33EDF5B}.Debug|Any CPU.ActiveCfg = Debug|Any CPU
		{E2B298C8-87C9-4511-892D-27E1A33EDF5B}.Debug|Any CPU.Build.0 = Debug|Any CPU
		{E2B298C8-87C9-4511-892D-27E1A33EDF5B}.Release|Any CPU.ActiveCfg = Release|Any CPU
		{E2B298C8-87C9-4511-892D-27E1A33EDF5B}.Release|Any CPU.Build.0 = Release|Any CPU
		{10EED547-246B-4DF8-9C42-A74AE4EF46F9}.Debug|Any CPU.ActiveCfg = Debug|Any CPU
		{10EED547-246B-4DF8-9C42-A74AE4EF46F9}.Debug|Any CPU.Build.0 = Debug|Any CPU
		{10EED547-246B-4DF8-9C42-A74AE4EF46F9}.Release|Any CPU.ActiveCfg = Release|Any CPU
		{10EED547-246B-4DF8-9C42-A74AE4EF46F9}.Release|Any CPU.Build.0 = Release|Any CPU
		{2CD00E31-9416-4A0D-90AE-0A41E6961B99}.Debug|Any CPU.ActiveCfg = Debug|Any CPU
		{2CD00E31-9416-4A0D-90AE-0A41E6961B99}.Debug|Any CPU.Build.0 = Debug|Any CPU
		{2CD00E31-9416-4A0D-90AE-0A41E6961B99}.Release|Any CPU.ActiveCfg = Release|Any CPU
		{2CD00E31-9416-4A0D-90AE-0A41E6961B99}.Release|Any CPU.Build.0 = Release|Any CPU
		{268BD574-3220-48E2-914A-CC0F40CD7D08}.Debug|Any CPU.ActiveCfg = Debug|Any CPU
		{268BD574-3220-48E2-914A-CC0F40CD7D08}.Debug|Any CPU.Build.0 = Debug|Any CPU
		{268BD574-3220-48E2-914A-CC0F40CD7D08}.Release|Any CPU.ActiveCfg = Release|Any CPU
		{268BD574-3220-48E2-914A-CC0F40CD7D08}.Release|Any CPU.Build.0 = Release|Any CPU
		{BC6CAB8C-43A1-49D1-BFAE-3D19E2E8F5EC}.Debug|Any CPU.ActiveCfg = Debug|Any CPU
		{BC6CAB8C-43A1-49D1-BFAE-3D19E2E8F5EC}.Debug|Any CPU.Build.0 = Debug|Any CPU
		{BC6CAB8C-43A1-49D1-BFAE-3D19E2E8F5EC}.Release|Any CPU.ActiveCfg = Release|Any CPU
		{BC6CAB8C-43A1-49D1-BFAE-3D19E2E8F5EC}.Release|Any CPU.Build.0 = Release|Any CPU
		{31661AB4-12C4-47C8-878B-E3E219B77E4A}.Debug|Any CPU.ActiveCfg = Debug|Any CPU
		{31661AB4-12C4-47C8-878B-E3E219B77E4A}.Debug|Any CPU.Build.0 = Debug|Any CPU
		{31661AB4-12C4-47C8-878B-E3E219B77E4A}.Release|Any CPU.ActiveCfg = Release|Any CPU
		{31661AB4-12C4-47C8-878B-E3E219B77E4A}.Release|Any CPU.Build.0 = Release|Any CPU
		{973B3124-EB8C-49F4-8A60-B85636F4173B}.Debug|Any CPU.ActiveCfg = Debug|Any CPU
		{973B3124-EB8C-49F4-8A60-B85636F4173B}.Debug|Any CPU.Build.0 = Debug|Any CPU
		{973B3124-EB8C-49F4-8A60-B85636F4173B}.Release|Any CPU.ActiveCfg = Release|Any CPU
		{973B3124-EB8C-49F4-8A60-B85636F4173B}.Release|Any CPU.Build.0 = Release|Any CPU
		{EC512518-5D0C-4BC9-9B34-98E4E15A3EE4}.Debug|Any CPU.ActiveCfg = Debug|Any CPU
		{EC512518-5D0C-4BC9-9B34-98E4E15A3EE4}.Debug|Any CPU.Build.0 = Debug|Any CPU
		{EC512518-5D0C-4BC9-9B34-98E4E15A3EE4}.Release|Any CPU.ActiveCfg = Release|Any CPU
		{EC512518-5D0C-4BC9-9B34-98E4E15A3EE4}.Release|Any CPU.Build.0 = Release|Any CPU
		{0B53A55F-0397-449F-A230-0D7B8DF47B13}.Debug|Any CPU.ActiveCfg = Debug|Any CPU
		{0B53A55F-0397-449F-A230-0D7B8DF47B13}.Debug|Any CPU.Build.0 = Debug|Any CPU
		{0B53A55F-0397-449F-A230-0D7B8DF47B13}.Release|Any CPU.ActiveCfg = Release|Any CPU
		{0B53A55F-0397-449F-A230-0D7B8DF47B13}.Release|Any CPU.Build.0 = Release|Any CPU
		{1655EC45-6D01-4CD6-B4DC-A7A8F3D0ED02}.Debug|Any CPU.ActiveCfg = Debug|Any CPU
		{1655EC45-6D01-4CD6-B4DC-A7A8F3D0ED02}.Debug|Any CPU.Build.0 = Debug|Any CPU
		{1655EC45-6D01-4CD6-B4DC-A7A8F3D0ED02}.Release|Any CPU.ActiveCfg = Release|Any CPU
		{1655EC45-6D01-4CD6-B4DC-A7A8F3D0ED02}.Release|Any CPU.Build.0 = Release|Any CPU
	EndGlobalSection
	GlobalSection(SolutionProperties) = preSolution
		HideSolutionNode = FALSE
	EndGlobalSection
	GlobalSection(NestedProjects) = preSolution
		{C9CABB9D-9770-45A5-B6F2-9477474CACE5} = {D492FD93-E794-4F26-9C40-DF13ED6F3FF0}
		{CC1C25C5-26CE-4E52-A383-0FE82D8D4D74} = {2B8BFC8C-AD62-41A7-83EB-531139365BE6}
		{ADC56340-0778-4E77-B347-C5AF75F19E07} = {2B8BFC8C-AD62-41A7-83EB-531139365BE6}
		{4D50C4D0-5A36-49B5-8701-E6B2309D8507} = {2B8BFC8C-AD62-41A7-83EB-531139365BE6}
		{E2B298C8-87C9-4511-892D-27E1A33EDF5B} = {4CBA02D9-5274-4BFE-8ACE-D18759C03794}
		{10EED547-246B-4DF8-9C42-A74AE4EF46F9} = {4CBA02D9-5274-4BFE-8ACE-D18759C03794}
		{2CD00E31-9416-4A0D-90AE-0A41E6961B99} = {4CBA02D9-5274-4BFE-8ACE-D18759C03794}
		{268BD574-3220-48E2-914A-CC0F40CD7D08} = {4CBA02D9-5274-4BFE-8ACE-D18759C03794}
		{BC6CAB8C-43A1-49D1-BFAE-3D19E2E8F5EC} = {2B8BFC8C-AD62-41A7-83EB-531139365BE6}
		{31661AB4-12C4-47C8-878B-E3E219B77E4A} = {D492FD93-E794-4F26-9C40-DF13ED6F3FF0}
		{973B3124-EB8C-49F4-8A60-B85636F4173B} = {4CBA02D9-5274-4BFE-8ACE-D18759C03794}
		{EC512518-5D0C-4BC9-9B34-98E4E15A3EE4} = {4CBA02D9-5274-4BFE-8ACE-D18759C03794}
		{0B53A55F-0397-449F-A230-0D7B8DF47B13} = {2B8BFC8C-AD62-41A7-83EB-531139365BE6}
		{1655EC45-6D01-4CD6-B4DC-A7A8F3D0ED02} = {2B8BFC8C-AD62-41A7-83EB-531139365BE6}
	EndGlobalSection
	GlobalSection(ExtensibilityGlobals) = postSolution
		SolutionGuid = {3CA66BC1-85BE-4A2E-9C9C-EF52D2579C88}
	EndGlobalSection
EndGlobal
